
Microsoft Visual Studio Solution File, Format Version 12.00
# Visual Studio Version 17
VisualStudioVersion = 17.5.33414.496
MinimumVisualStudioVersion = 10.0.40219.1
Project("{FAE04EC0-301F-11D3-BF4B-00C04F79EFBC}") = "GifFinder", "GifFinder.csproj", "{713E8060-FCB7-487C-BCA1-967F0D475BD8}"
EndProject
Global
	GlobalSection(SolutionConfigurationPlatforms) = preSolution
		Debug|Any CPU = Debug|Any CPU
		Release|Any CPU = Release|Any CPU
	EndGlobalSection
	GlobalSection(ProjectConfigurationPlatforms) = postSolution
		{713E8060-FCB7-487C-BCA1-967F0D475BD8}.Debug|Any CPU.ActiveCfg = Debug|Any CPU
		{713E8060-FCB7-487C-BCA1-967F0D475BD8}.Debug|Any CPU.Build.0 = Debug|Any CPU
		{713E8060-FCB7-487C-BCA1-967F0D475BD8}.Release|Any CPU.ActiveCfg = Release|Any CPU
		{713E8060-FCB7-487C-BCA1-967F0D475BD8}.Release|Any CPU.Build.0 = Release|Any CPU
	EndGlobalSection
	GlobalSection(SolutionProperties) = preSolution
		HideSolutionNode = FALSE
	EndGlobalSection
	GlobalSection(ExtensibilityGlobals) = postSolution
		SolutionGuid = {4B21C54A-C8B0-4F7A-B810-A038741D4926}
	EndGlobalSection
EndGlobal
